{
  "name": "test",
  "version": "1.0.0",
  "lockfileVersion": 3,
  "requires": true,
  "packages": {
    "": {
      "name": "test",
      "version": "1.0.0",
      "license": "ISC",
      "devDependencies": {
        "solid-js": "^1.8.7",
        "typescript": "^5.3.2"
      }
    },
    "node_modules/csstype": {
      "version": "3.1.2",
      "resolved": "https://registry.npmjs.org/csstype/-/csstype-3.1.2.tgz",
      "integrity": "sha512-I7K1Uu0MBPzaFKg4nI5Q7Vs2t+3gWWW648spaF+Rg7pI9ds18Ugn+lvg4SHczUdKlHI5LWBXyqfS8+DufyBsgQ==",
      "dev": true
    },
    "node_modules/seroval": {
      "version": "0.15.1",
      "resolved": "https://registry.npmjs.org/seroval/-/seroval-0.15.1.tgz",
      "integrity": "sha512-OPVtf0qmeC7RW+ScVX+7aOS+xoIM7pWcZ0jOWg2aTZigCydgRB04adfteBRbecZnnrO1WuGQ+C3tLeBBzX2zSQ==",
      "dev": true,
      "engines": {
        "node": ">=10"
      }
    },
    "node_modules/solid-js": {
      "version": "1.8.7",
      "resolved": "https://registry.npmjs.org/solid-js/-/solid-js-1.8.7.tgz",
      "integrity": "sha512-9dzrSVieh2zj3SnJ02II6xZkonR6c+j/91b7XZUNcC6xSaldlqjjGh98F1fk5cRJ8ZTkzqF5fPIWDxEOs6QZXA==",
      "dev": true,
      "dependencies": {
        "csstype": "^3.1.0",
        "seroval": "^0.15.1"
      }
    },
    "node_modules/typescript": {
      "version": "5.3.2",
      "resolved": "https://registry.npmjs.org/typescript/-/typescript-5.3.2.tgz",
      "integrity": "sha512-6l+RyNy7oAHDfxC4FzSJcz9vnjTKxrLpDG5M2Vu4SHRVNg6xzqZp6LYSR9zjqQTu8DU/f5xwxUdADOkbrIX2gQ==",
      "dev": true,
      "bin": {
        "tsc": "bin/tsc",
        "tsserver": "bin/tsserver"
      },
      "engines": {
        "node": ">=14.17"
      }
    }
  }
}
